
Microsoft Visual Studio Solution File, Format Version 12.00
# Visual Studio Version 17
VisualStudioVersion = 17.11.35222.181
MinimumVisualStudioVersion = 10.0.40219.1
Project("{FAE04EC0-301F-11D3-BF4B-00C04F79EFBC}") = "ChatGPTPowerPointPromptCreator", "ChatGPTPowerPointPromptCreator\ChatGPTPowerPointPromptCreator.csproj", "{2AEF6124-43A3-4E00-854B-3893061AF3D8}"
EndProject
Project("{FAE04EC0-301F-11D3-BF4B-00C04F79EFBC}") = "RASPIA_C#", "RASPIA_C#\RASPIA_C#.csproj", "{E68462E0-3074-4C9B-B65E-89D157ACF888}"
EndProject
Project("{FAE04EC0-301F-11D3-BF4B-00C04F79EFBC}") = "Method Examples", "Method Examples\Method Examples.csproj", "{5C600017-AB66-4BC7-B37C-E20EDFAC7F84}"
EndProject
Global
	GlobalSection(SolutionConfigurationPlatforms) = preSolution
		Debug|Any CPU = Debug|Any CPU
		Release|Any CPU = Release|Any CPU
	EndGlobalSection
	GlobalSection(ProjectConfigurationPlatforms) = postSolution
		{2AEF6124-43A3-4E00-854B-3893061AF3D8}.Debug|Any CPU.ActiveCfg = Debug|Any CPU
		{2AEF6124-43A3-4E00-854B-3893061AF3D8}.Debug|Any CPU.Build.0 = Debug|Any CPU
		{2AEF6124-43A3-4E00-854B-3893061AF3D8}.Release|Any CPU.ActiveCfg = Release|Any CPU
		{2AEF6124-43A3-4E00-854B-3893061AF3D8}.Release|Any CPU.Build.0 = Release|Any CPU
		{E68462E0-3074-4C9B-B65E-89D157ACF888}.Debug|Any CPU.ActiveCfg = Debug|Any CPU
		{E68462E0-3074-4C9B-B65E-89D157ACF888}.Debug|Any CPU.Build.0 = Debug|Any CPU
		{E68462E0-3074-4C9B-B65E-89D157ACF888}.Release|Any CPU.ActiveCfg = Release|Any CPU
		{E68462E0-3074-4C9B-B65E-89D157ACF888}.Release|Any CPU.Build.0 = Release|Any CPU
		{5C600017-AB66-4BC7-B37C-E20EDFAC7F84}.Debug|Any CPU.ActiveCfg = Debug|Any CPU
		{5C600017-AB66-4BC7-B37C-E20EDFAC7F84}.Debug|Any CPU.Build.0 = Debug|Any CPU
		{5C600017-AB66-4BC7-B37C-E20EDFAC7F84}.Release|Any CPU.ActiveCfg = Release|Any CPU
		{5C600017-AB66-4BC7-B37C-E20EDFAC7F84}.Release|Any CPU.Build.0 = Release|Any CPU
	EndGlobalSection
	GlobalSection(SolutionProperties) = preSolution
		HideSolutionNode = FALSE
	EndGlobalSection
	GlobalSection(ExtensibilityGlobals) = postSolution
		SolutionGuid = {CF2C007C-28D6-45A4-B35D-7D3544C5E15A}
	EndGlobalSection
EndGlobal
